{
  "requires": true,
  "lockfileVersion": 1,
  "dependencies": {
    "pe7-icon": {
      "version": "1.0.4",
      "resolved": "https://registry.npmjs.org/pe7-icon/-/pe7-icon-1.0.4.tgz",
      "integrity": "sha1-trycQxBpZy4sD8c7dxXByRsYOjE="
    },
    "themify-icons": {
      "version": "1.0.0",
      "resolved": "https://registry.npmjs.org/themify-icons/-/themify-icons-1.0.0.tgz",
      "integrity": "sha1-IW8zDtG5w/3I5nVlXhiaC37LHFw="
    }
  }
}
